
Microsoft Visual Studio Solution File, Format Version 12.00
# Visual Studio Version 17
VisualStudioVersion = 17.2.32526.322
MinimumVisualStudioVersion = 10.0.40219.1
Project("{9A19103F-16F7-4668-BE54-9A1E7A4F7556}") = "agrconclude.API", "agrconclude.API\agrconclude.API.csproj", "{914A2102-3294-4573-8891-3848D095B3A3}"
EndProject
Project("{9A19103F-16F7-4668-BE54-9A1E7A4F7556}") = "agrconclude.Domain", "agrconclude.Domain\agrconclude.Domain.csproj", "{A648EB04-A9CF-4F04-A84C-76DA35D2F56F}"
EndProject
Project("{9A19103F-16F7-4668-BE54-9A1E7A4F7556}") = "agrconclude.Infrastructure", "agrconclude.Infrastructure\agrconclude.Infrastructure.csproj", "{355AE475-3C2A-4E71-A0CC-D54FAFB9BF87}"
EndProject
Project("{9A19103F-16F7-4668-BE54-9A1E7A4F7556}") = "agrconclude.Application", "agrconclude.Application\agrconclude.Application.csproj", "{33523A8F-FC4F-4876-87D5-F44DDC1F1F27}"
EndProject
Project("{FAE04EC0-301F-11D3-BF4B-00C04F79EFBC}") = "ExceptionHandler", "ExceptionHandler\ExceptionHandler.csproj", "{FB7CF486-D422-419E-9419-08388E5A2C82}"
EndProject
Global
	GlobalSection(SolutionConfigurationPlatforms) = preSolution
		Debug|Any CPU = Debug|Any CPU
		Release|Any CPU = Release|Any CPU
	EndGlobalSection
	GlobalSection(ProjectConfigurationPlatforms) = postSolution
		{914A2102-3294-4573-8891-3848D095B3A3}.Debug|Any CPU.ActiveCfg = Debug|Any CPU
		{914A2102-3294-4573-8891-3848D095B3A3}.Debug|Any CPU.Build.0 = Debug|Any CPU
		{914A2102-3294-4573-8891-3848D095B3A3}.Release|Any CPU.ActiveCfg = Release|Any CPU
		{914A2102-3294-4573-8891-3848D095B3A3}.Release|Any CPU.Build.0 = Release|Any CPU
		{A648EB04-A9CF-4F04-A84C-76DA35D2F56F}.Debug|Any CPU.ActiveCfg = Debug|Any CPU
		{A648EB04-A9CF-4F04-A84C-76DA35D2F56F}.Debug|Any CPU.Build.0 = Debug|Any CPU
		{A648EB04-A9CF-4F04-A84C-76DA35D2F56F}.Release|Any CPU.ActiveCfg = Release|Any CPU
		{A648EB04-A9CF-4F04-A84C-76DA35D2F56F}.Release|Any CPU.Build.0 = Release|Any CPU
		{355AE475-3C2A-4E71-A0CC-D54FAFB9BF87}.Debug|Any CPU.ActiveCfg = Debug|Any CPU
		{355AE475-3C2A-4E71-A0CC-D54FAFB9BF87}.Debug|Any CPU.Build.0 = Debug|Any CPU
		{355AE475-3C2A-4E71-A0CC-D54FAFB9BF87}.Release|Any CPU.ActiveCfg = Release|Any CPU
		{355AE475-3C2A-4E71-A0CC-D54FAFB9BF87}.Release|Any CPU.Build.0 = Release|Any CPU
		{33523A8F-FC4F-4876-87D5-F44DDC1F1F27}.Debug|Any CPU.ActiveCfg = Debug|Any CPU
		{33523A8F-FC4F-4876-87D5-F44DDC1F1F27}.Debug|Any CPU.Build.0 = Debug|Any CPU
		{33523A8F-FC4F-4876-87D5-F44DDC1F1F27}.Release|Any CPU.ActiveCfg = Release|Any CPU
		{33523A8F-FC4F-4876-87D5-F44DDC1F1F27}.Release|Any CPU.Build.0 = Release|Any CPU
		{FB7CF486-D422-419E-9419-08388E5A2C82}.Debug|Any CPU.ActiveCfg = Debug|Any CPU
		{FB7CF486-D422-419E-9419-08388E5A2C82}.Debug|Any CPU.Build.0 = Debug|Any CPU
		{FB7CF486-D422-419E-9419-08388E5A2C82}.Release|Any CPU.ActiveCfg = Release|Any CPU
		{FB7CF486-D422-419E-9419-08388E5A2C82}.Release|Any CPU.Build.0 = Release|Any CPU
	EndGlobalSection
	GlobalSection(SolutionProperties) = preSolution
		HideSolutionNode = FALSE
	EndGlobalSection
	GlobalSection(ExtensibilityGlobals) = postSolution
		SolutionGuid = {F1598230-E460-4DFA-B670-83A743309A7B}
	EndGlobalSection
EndGlobal
